
Microsoft Visual Studio Solution File, Format Version 12.00
# Visual Studio Version 17
VisualStudioVersion = 17.7.34031.279
MinimumVisualStudioVersion = 10.0.40219.1
Project("{FAE04EC0-301F-11D3-BF4B-00C04F79EFBC}") = "Laboratorium 1", "Laboratorium 1\Laboratorium 1.csproj", "{C40EF1D1-DD71-4FB0-B04A-69080F089C4B}"
EndProject
Global
	GlobalSection(SolutionConfigurationPlatforms) = preSolution
		Debug|Any CPU = Debug|Any CPU
		Release|Any CPU = Release|Any CPU
	EndGlobalSection
	GlobalSection(ProjectConfigurationPlatforms) = postSolution
		{C40EF1D1-DD71-4FB0-B04A-69080F089C4B}.Debug|Any CPU.ActiveCfg = Debug|Any CPU
		{C40EF1D1-DD71-4FB0-B04A-69080F089C4B}.Debug|Any CPU.Build.0 = Debug|Any CPU
		{C40EF1D1-DD71-4FB0-B04A-69080F089C4B}.Release|Any CPU.ActiveCfg = Release|Any CPU
		{C40EF1D1-DD71-4FB0-B04A-69080F089C4B}.Release|Any CPU.Build.0 = Release|Any CPU
	EndGlobalSection
	GlobalSection(SolutionProperties) = preSolution
		HideSolutionNode = FALSE
	EndGlobalSection
	GlobalSection(ExtensibilityGlobals) = postSolution
		SolutionGuid = {0B283475-F34C-486B-AA70-4C336BA5D8FA}
	EndGlobalSection
EndGlobal
